
Microsoft Visual Studio Solution File, Format Version 12.00
# Visual Studio Version 16
VisualStudioVersion = 16.0.31129.286
MinimumVisualStudioVersion = 10.0.40219.1
Project("{9A19103F-16F7-4668-BE54-9A1E7A4F7556}") = "Shop", "Shop\Shop.csproj", "{8B5F05A0-0161-408E-8B32-73A946E80E63}"
EndProject
Project("{FAE04EC0-301F-11D3-BF4B-00C04F79EFBC}") = "Shop.Test", "Shop.Test\Shop.Test.csproj", "{F061BB58-FD4A-4782-AC10-AB6CDE903339}"
EndProject
Project("{FAE04EC0-301F-11D3-BF4B-00C04F79EFBC}") = "Shop.Core", "Shop.Core\Shop.Core.csproj", "{AA222746-EFA4-417D-B9AE-EF0FB7488C5E}"
EndProject
Global
	GlobalSection(SolutionConfigurationPlatforms) = preSolution
		Debug|Any CPU = Debug|Any CPU
		Release|Any CPU = Release|Any CPU
	EndGlobalSection
	GlobalSection(ProjectConfigurationPlatforms) = postSolution
		{8B5F05A0-0161-408E-8B32-73A946E80E63}.Debug|Any CPU.ActiveCfg = Debug|Any CPU
		{8B5F05A0-0161-408E-8B32-73A946E80E63}.Debug|Any CPU.Build.0 = Debug|Any CPU
		{8B5F05A0-0161-408E-8B32-73A946E80E63}.Release|Any CPU.ActiveCfg = Release|Any CPU
		{8B5F05A0-0161-408E-8B32-73A946E80E63}.Release|Any CPU.Build.0 = Release|Any CPU
		{F061BB58-FD4A-4782-AC10-AB6CDE903339}.Debug|Any CPU.ActiveCfg = Debug|Any CPU
		{F061BB58-FD4A-4782-AC10-AB6CDE903339}.Debug|Any CPU.Build.0 = Debug|Any CPU
		{F061BB58-FD4A-4782-AC10-AB6CDE903339}.Release|Any CPU.ActiveCfg = Release|Any CPU
		{F061BB58-FD4A-4782-AC10-AB6CDE903339}.Release|Any CPU.Build.0 = Release|Any CPU
		{AA222746-EFA4-417D-B9AE-EF0FB7488C5E}.Debug|Any CPU.ActiveCfg = Debug|Any CPU
		{AA222746-EFA4-417D-B9AE-EF0FB7488C5E}.Debug|Any CPU.Build.0 = Debug|Any CPU
		{AA222746-EFA4-417D-B9AE-EF0FB7488C5E}.Release|Any CPU.ActiveCfg = Release|Any CPU
		{AA222746-EFA4-417D-B9AE-EF0FB7488C5E}.Release|Any CPU.Build.0 = Release|Any CPU
	EndGlobalSection
	GlobalSection(SolutionProperties) = preSolution
		HideSolutionNode = FALSE
	EndGlobalSection
	GlobalSection(ExtensibilityGlobals) = postSolution
		SolutionGuid = {DFA28589-2E16-40B7-849F-319D782FF7E4}
	EndGlobalSection
EndGlobal
